// !$*UTF8*$!
{
	archiveVersion = 1;
	classes = {
	};
	objectVersion = 50;
	objects = {

/* Begin PBXBuildFile section */
		451E5C2C25AD548E00BBCE2D /* RailDailyTimetable.swift in Sources */ = {isa = PBXBuildFile; fileRef = 451E5C2B25AD548E00BBCE2D /* RailDailyTimetable.swift */; };
		451E5C2F25AD59E100BBCE2D /* TrainView.swift in Sources */ = {isa = PBXBuildFile; fileRef = 451E5C2E25AD59E000BBCE2D /* TrainView.swift */; };
		45232F4F25AD9B260025BD09 /* MainView.swift in Sources */ = {isa = PBXBuildFile; fileRef = 45232F4E25AD9B260025BD09 /* MainView.swift */; };
		45232F5225AD9C770025BD09 /* PlannerView.swift in Sources */ = {isa = PBXBuildFile; fileRef = 45232F5125AD9C770025BD09 /* PlannerView.swift */; };
		45232F5525ADBA920025BD09 /* HSRDataStore.swift in Sources */ = {isa = PBXBuildFile; fileRef = 45232F5425ADBA920025BD09 /* HSRDataStore.swift */; };
		45232F5825ADBCA80025BD09 /* HSRTrainViewModel.swift in Sources */ = {isa = PBXBuildFile; fileRef = 45232F5725ADBCA80025BD09 /* HSRTrainViewModel.swift */; };
		45232F5D25ADC48C0025BD09 /* PlannerResultRowView.swift in Sources */ = {isa = PBXBuildFile; fileRef = 45232F5C25ADC48C0025BD09 /* PlannerResultRowView.swift */; };
		453366AD25B435470025B42A /* StationButtonPickerView.swift in Sources */ = {isa = PBXBuildFile; fileRef = 453366AC25B435470025B42A /* StationButtonPickerView.swift */; };
		453366B225B436150025B42A /* TestingView.swift in Sources */ = {isa = PBXBuildFile; fileRef = 453366B125B436150025B42A /* TestingView.swift */; };
		4553202425B476B90080DB48 /* TrainServiceView.swift in Sources */ = {isa = PBXBuildFile; fileRef = 4553202325B476B90080DB48 /* TrainServiceView.swift */; };
		4563E65425A9EECC00E50C5F /* LiveRailApp.swift in Sources */ = {isa = PBXBuildFile; fileRef = 4563E65325A9EECC00E50C5F /* LiveRailApp.swift */; };
		4563E65625A9EECC00E50C5F /* TimetableView.swift in Sources */ = {isa = PBXBuildFile; fileRef = 4563E65525A9EECC00E50C5F /* TimetableView.swift */; };
		4563E65825A9EECD00E50C5F /* Assets.xcassets in Resources */ = {isa = PBXBuildFile; fileRef = 4563E65725A9EECD00E50C5F /* Assets.xcassets */; };
		4563E65B25A9EECD00E50C5F /* Preview Assets.xcassets in Resources */ = {isa = PBXBuildFile; fileRef = 4563E65A25A9EECD00E50C5F /* Preview Assets.xcassets */; };
		4563E66425A9EF0E00E50C5F /* NetworkManager.swift in Sources */ = {isa = PBXBuildFile; fileRef = 4563E66325A9EF0E00E50C5F /* NetworkManager.swift */; };
		4563E66825A9EF3800E50C5F /* Station.swift in Sources */ = {isa = PBXBuildFile; fileRef = 4563E66725A9EF3800E50C5F /* Station.swift */; };
		4563E66B25A9F69F00E50C5F /* HSRService.swift in Sources */ = {isa = PBXBuildFile; fileRef = 4563E66A25A9F69F00E50C5F /* HSRService.swift */; };
		4569AA3825AFFD2A002D376B /* FareSchedule.swift in Sources */ = {isa = PBXBuildFile; fileRef = 4569AA3725AFFD2A002D376B /* FareSchedule.swift */; };
		4569AA3B25B00772002D376B /* FareListingView.swift in Sources */ = {isa = PBXBuildFile; fileRef = 4569AA3A25B00772002D376B /* FareListingView.swift */; };
		45A2542D25B2DCDB00CB2522 /* Utilities.swift in Sources */ = {isa = PBXBuildFile; fileRef = 45A2542C25B2DCDB00CB2522 /* Utilities.swift */; };
		45A2543225B31DA500CB2522 /* ENums.swift in Sources */ = {isa = PBXBuildFile; fileRef = 45A2543125B31DA500CB2522 /* ENums.swift */; };
		45A7808425B148500078ECD2 /* SeatAvailability.swift in Sources */ = {isa = PBXBuildFile; fileRef = 45A7808325B148500078ECD2 /* SeatAvailability.swift */; };
		45A7808725B158EE0078ECD2 /* AvailabilityIconView.swift in Sources */ = {isa = PBXBuildFile; fileRef = 45A7808625B158EE0078ECD2 /* AvailabilityIconView.swift */; };
		45A7808A25B16ABF0078ECD2 /* LocationManager.swift in Sources */ = {isa = PBXBuildFile; fileRef = 45A7808925B16ABF0078ECD2 /* LocationManager.swift */; };
		45A7808F25B17B8D0078ECD2 /* NearestStationView.swift in Sources */ = {isa = PBXBuildFile; fileRef = 45A7808E25B17B8D0078ECD2 /* NearestStationView.swift */; };
		45A7809225B18E700078ECD2 /* RequestLocationView.swift in Sources */ = {isa = PBXBuildFile; fileRef = 45A7809125B18E700078ECD2 /* RequestLocationView.swift */; };
		45D00A4625AC8F0E00DB518F /* TrainEntryListRowView.swift in Sources */ = {isa = PBXBuildFile; fileRef = 45D00A4525AC8F0E00DB518F /* TrainEntryListRowView.swift */; };
		45D00A4925AC94F500DB518F /* Date+Time.swift in Sources */ = {isa = PBXBuildFile; fileRef = 45D00A4825AC94F500DB518F /* Date+Time.swift */; };
		45D1BC7C25AC466300D040CD /* HSRQueryViewModel.swift in Sources */ = {isa = PBXBuildFile; fileRef = 45D1BC7B25AC466300D040CD /* HSRQueryViewModel.swift */; };
		45D1BC8025AC49F300D040CD /* StationTimetableView.swift in Sources */ = {isa = PBXBuildFile; fileRef = 45D1BC7F25AC49F300D040CD /* StationTimetableView.swift */; };
		45D1BC8425AC4AA000D040CD /* StationTimetable.swift in Sources */ = {isa = PBXBuildFile; fileRef = 45D1BC8325AC4AA000D040CD /* StationTimetable.swift */; };
		45D9480D25AEA733002FE73C /* SettingsView.swift in Sources */ = {isa = PBXBuildFile; fileRef = 45D9480C25AEA733002FE73C /* SettingsView.swift */; };
/* End PBXBuildFile section */

/* Begin PBXFileReference section */
		451E5C2B25AD548E00BBCE2D /* RailDailyTimetable.swift */ = {isa = PBXFileReference; lastKnownFileType = sourcecode.swift; path = RailDailyTimetable.swift; sourceTree = "<group>"; };
		451E5C2E25AD59E000BBCE2D /* TrainView.swift */ = {isa = PBXFileReference; lastKnownFileType = sourcecode.swift; path = TrainView.swift; sourceTree = "<group>"; };
		45232F4E25AD9B260025BD09 /* MainView.swift */ = {isa = PBXFileReference; lastKnownFileType = sourcecode.swift; path = MainView.swift; sourceTree = "<group>"; };
		45232F5125AD9C770025BD09 /* PlannerView.swift */ = {isa = PBXFileReference; lastKnownFileType = sourcecode.swift; path = PlannerView.swift; sourceTree = "<group>"; };
		45232F5425ADBA920025BD09 /* HSRDataStore.swift */ = {isa = PBXFileReference; lastKnownFileType = sourcecode.swift; path = HSRDataStore.swift; sourceTree = "<group>"; };
		45232F5725ADBCA80025BD09 /* HSRTrainViewModel.swift */ = {isa = PBXFileReference; lastKnownFileType = sourcecode.swift; path = HSRTrainViewModel.swift; sourceTree = "<group>"; };
		45232F5C25ADC48C0025BD09 /* PlannerResultRowView.swift */ = {isa = PBXFileReference; lastKnownFileType = sourcecode.swift; path = PlannerResultRowView.swift; sourceTree = "<group>"; };
		453366AC25B435470025B42A /* StationButtonPickerView.swift */ = {isa = PBXFileReference; lastKnownFileType = sourcecode.swift; path = StationButtonPickerView.swift; sourceTree = "<group>"; };
		453366B125B436150025B42A /* TestingView.swift */ = {isa = PBXFileReference; lastKnownFileType = sourcecode.swift; path = TestingView.swift; sourceTree = "<group>"; };
		4553202325B476B90080DB48 /* TrainServiceView.swift */ = {isa = PBXFileReference; lastKnownFileType = sourcecode.swift; path = TrainServiceView.swift; sourceTree = "<group>"; };
		4563E65025A9EECC00E50C5F /* LiveRail.app */ = {isa = PBXFileReference; explicitFileType = wrapper.application; includeInIndex = 0; path = LiveRail.app; sourceTree = BUILT_PRODUCTS_DIR; };
		4563E65325A9EECC00E50C5F /* LiveRailApp.swift */ = {isa = PBXFileReference; lastKnownFileType = sourcecode.swift; path = LiveRailApp.swift; sourceTree = "<group>"; };
		4563E65525A9EECC00E50C5F /* TimetableView.swift */ = {isa = PBXFileReference; lastKnownFileType = sourcecode.swift; path = TimetableView.swift; sourceTree = "<group>"; };
		4563E65725A9EECD00E50C5F /* Assets.xcassets */ = {isa = PBXFileReference; lastKnownFileType = folder.assetcatalog; path = Assets.xcassets; sourceTree = "<group>"; };
		4563E65A25A9EECD00E50C5F /* Preview Assets.xcassets */ = {isa = PBXFileReference; lastKnownFileType = folder.assetcatalog; path = "Preview Assets.xcassets"; sourceTree = "<group>"; };
		4563E65C25A9EECD00E50C5F /* Info.plist */ = {isa = PBXFileReference; lastKnownFileType = text.plist.xml; path = Info.plist; sourceTree = "<group>"; };
		4563E66325A9EF0E00E50C5F /* NetworkManager.swift */ = {isa = PBXFileReference; lastKnownFileType = sourcecode.swift; path = NetworkManager.swift; sourceTree = "<group>"; };
		4563E66725A9EF3800E50C5F /* Station.swift */ = {isa = PBXFileReference; lastKnownFileType = sourcecode.swift; path = Station.swift; sourceTree = "<group>"; };
		4563E66A25A9F69F00E50C5F /* HSRService.swift */ = {isa = PBXFileReference; lastKnownFileType = sourcecode.swift; path = HSRService.swift; sourceTree = "<group>"; };
		4569AA3725AFFD2A002D376B /* FareSchedule.swift */ = {isa = PBXFileReference; lastKnownFileType = sourcecode.swift; path = FareSchedule.swift; sourceTree = "<group>"; };
		4569AA3A25B00772002D376B /* FareListingView.swift */ = {isa = PBXFileReference; lastKnownFileType = sourcecode.swift; path = FareListingView.swift; sourceTree = "<group>"; };
		45A2542C25B2DCDB00CB2522 /* Utilities.swift */ = {isa = PBXFileReference; lastKnownFileType = sourcecode.swift; path = Utilities.swift; sourceTree = "<group>"; };
		45A2543125B31DA500CB2522 /* ENums.swift */ = {isa = PBXFileReference; lastKnownFileType = sourcecode.swift; path = ENums.swift; sourceTree = "<group>"; };
		45A7808325B148500078ECD2 /* SeatAvailability.swift */ = {isa = PBXFileReference; lastKnownFileType = sourcecode.swift; path = SeatAvailability.swift; sourceTree = "<group>"; };
		45A7808625B158EE0078ECD2 /* AvailabilityIconView.swift */ = {isa = PBXFileReference; lastKnownFileType = sourcecode.swift; path = AvailabilityIconView.swift; sourceTree = "<group>"; };
		45A7808925B16ABF0078ECD2 /* LocationManager.swift */ = {isa = PBXFileReference; lastKnownFileType = sourcecode.swift; name = LocationManager.swift; path = LiveRail/LocationManager.swift; sourceTree = SOURCE_ROOT; };
		45A7808E25B17B8D0078ECD2 /* NearestStationView.swift */ = {isa = PBXFileReference; lastKnownFileType = sourcecode.swift; path = NearestStationView.swift; sourceTree = "<group>"; };
		45A7809125B18E700078ECD2 /* RequestLocationView.swift */ = {isa = PBXFileReference; lastKnownFileType = sourcecode.swift; path = RequestLocationView.swift; sourceTree = "<group>"; };
		45D00A4525AC8F0E00DB518F /* TrainEntryListRowView.swift */ = {isa = PBXFileReference; lastKnownFileType = sourcecode.swift; path = TrainEntryListRowView.swift; sourceTree = "<group>"; };
		45D00A4825AC94F500DB518F /* Date+Time.swift */ = {isa = PBXFileReference; lastKnownFileType = sourcecode.swift; path = "Date+Time.swift"; sourceTree = "<group>"; };
		45D1BC7B25AC466300D040CD /* HSRQueryViewModel.swift */ = {isa = PBXFileReference; lastKnownFileType = sourcecode.swift; path = HSRQueryViewModel.swift; sourceTree = "<group>"; };
		45D1BC7F25AC49F300D040CD /* StationTimetableView.swift */ = {isa = PBXFileReference; lastKnownFileType = sourcecode.swift; path = StationTimetableView.swift; sourceTree = "<group>"; };
		45D1BC8325AC4AA000D040CD /* StationTimetable.swift */ = {isa = PBXFileReference; lastKnownFileType = sourcecode.swift; path = StationTimetable.swift; sourceTree = "<group>"; };
		45D9480C25AEA733002FE73C /* SettingsView.swift */ = {isa = PBXFileReference; lastKnownFileType = sourcecode.swift; path = SettingsView.swift; sourceTree = "<group>"; };
/* End PBXFileReference section */

/* Begin PBXFrameworksBuildPhase section */
		4563E64D25A9EECC00E50C5F /* Frameworks */ = {
			isa = PBXFrameworksBuildPhase;
			buildActionMask = 2147483647;
			files = (
			);
			runOnlyForDeploymentPostprocessing = 0;
		};
/* End PBXFrameworksBuildPhase section */

/* Begin PBXGroup section */
		4503475B25B2D9E900BE7112 /* Primary Views */ = {
			isa = PBXGroup;
			children = (
				45232F4E25AD9B260025BD09 /* MainView.swift */,
				453366B125B436150025B42A /* TestingView.swift */,
				4563E65525A9EECC00E50C5F /* TimetableView.swift */,
				45232F5125AD9C770025BD09 /* PlannerView.swift */,
				45D9480C25AEA733002FE73C /* SettingsView.swift */,
			);
			path = "Primary Views";
			sourceTree = "<group>";
		};
		4563E64725A9EECC00E50C5F = {
			isa = PBXGroup;
			children = (
				4563E65225A9EECC00E50C5F /* LiveRail */,
				4563E65125A9EECC00E50C5F /* Products */,
			);
			sourceTree = "<group>";
		};
		4563E65125A9EECC00E50C5F /* Products */ = {
			isa = PBXGroup;
			children = (
				4563E65025A9EECC00E50C5F /* LiveRail.app */,
			);
			name = Products;
			sourceTree = "<group>";
		};
		4563E65225A9EECC00E50C5F /* LiveRail */ = {
			isa = PBXGroup;
			children = (
				4563E66A25A9F69F00E50C5F /* HSRService.swift */,
				45D1BC7B25AC466300D040CD /* HSRQueryViewModel.swift */,
				45232F5725ADBCA80025BD09 /* HSRTrainViewModel.swift */,
				45232F5425ADBA920025BD09 /* HSRDataStore.swift */,
				4563E66625A9EF2B00E50C5F /* Models */,
				4563E65325A9EECC00E50C5F /* LiveRailApp.swift */,
				45D1BC7E25AC49E400D040CD /* Views */,
				4563E66325A9EF0E00E50C5F /* NetworkManager.swift */,
				45A7808925B16ABF0078ECD2 /* LocationManager.swift */,
				45D00A4825AC94F500DB518F /* Date+Time.swift */,
				45A2542C25B2DCDB00CB2522 /* Utilities.swift */,
				4563E65725A9EECD00E50C5F /* Assets.xcassets */,
				4563E65C25A9EECD00E50C5F /* Info.plist */,
				4563E65925A9EECD00E50C5F /* Preview Content */,
			);
			path = LiveRail;
			sourceTree = "<group>";
		};
		4563E65925A9EECD00E50C5F /* Preview Content */ = {
			isa = PBXGroup;
			children = (
				4563E65A25A9EECD00E50C5F /* Preview Assets.xcassets */,
			);
			path = "Preview Content";
			sourceTree = "<group>";
		};
		4563E66625A9EF2B00E50C5F /* Models */ = {
			isa = PBXGroup;
			children = (
				4563E66725A9EF3800E50C5F /* Station.swift */,
				45A7808325B148500078ECD2 /* SeatAvailability.swift */,
				45D1BC8325AC4AA000D040CD /* StationTimetable.swift */,
				451E5C2B25AD548E00BBCE2D /* RailDailyTimetable.swift */,
				4569AA3725AFFD2A002D376B /* FareSchedule.swift */,
				45A2543125B31DA500CB2522 /* ENums.swift */,
			);
			path = Models;
			sourceTree = "<group>";
		};
		45D1BC7E25AC49E400D040CD /* Views */ = {
			isa = PBXGroup;
			children = (
				4503475B25B2D9E900BE7112 /* Primary Views */,
				45A7808E25B17B8D0078ECD2 /* NearestStationView.swift */,
				453366AC25B435470025B42A /* StationButtonPickerView.swift */,
				45A7809125B18E700078ECD2 /* RequestLocationView.swift */,
				45D1BC7F25AC49F300D040CD /* StationTimetableView.swift */,
				451E5C2E25AD59E000BBCE2D /* TrainView.swift */,
				45D00A4525AC8F0E00DB518F /* TrainEntryListRowView.swift */,
				45232F5C25ADC48C0025BD09 /* PlannerResultRowView.swift */,
				4569AA3A25B00772002D376B /* FareListingView.swift */,
				45A7808625B158EE0078ECD2 /* AvailabilityIconView.swift */,
				4553202325B476B90080DB48 /* TrainServiceView.swift */,
			);
			path = Views;
			sourceTree = "<group>";
		};
/* End PBXGroup section */

/* Begin PBXNativeTarget section */
		4563E64F25A9EECC00E50C5F /* LiveRail */ = {
			isa = PBXNativeTarget;
			buildConfigurationList = 4563E65F25A9EECD00E50C5F /* Build configuration list for PBXNativeTarget "LiveRail" */;
			buildPhases = (
				4563E64C25A9EECC00E50C5F /* Sources */,
				4563E64D25A9EECC00E50C5F /* Frameworks */,
				4563E64E25A9EECC00E50C5F /* Resources */,
			);
			buildRules = (
			);
			dependencies = (
			);
			name = LiveRail;
			productName = LiveRail;
			productReference = 4563E65025A9EECC00E50C5F /* LiveRail.app */;
			productType = "com.apple.product-type.application";
		};
/* End PBXNativeTarget section */

/* Begin PBXProject section */
		4563E64825A9EECC00E50C5F /* Project object */ = {
			isa = PBXProject;
			attributes = {
				LastSwiftUpdateCheck = 1230;
				LastUpgradeCheck = 1230;
				TargetAttributes = {
					4563E64F25A9EECC00E50C5F = {
						CreatedOnToolsVersion = 12.3;
					};
				};
			};
			buildConfigurationList = 4563E64B25A9EECC00E50C5F /* Build configuration list for PBXProject "LiveRail" */;
			compatibilityVersion = "Xcode 9.3";
			developmentRegion = en;
			hasScannedForEncodings = 0;
			knownRegions = (
				en,
				Base,
			);
			mainGroup = 4563E64725A9EECC00E50C5F;
			productRefGroup = 4563E65125A9EECC00E50C5F /* Products */;
			projectDirPath = "";
			projectRoot = "";
			targets = (
				4563E64F25A9EECC00E50C5F /* LiveRail */,
			);
		};
/* End PBXProject section */

/* Begin PBXResourcesBuildPhase section */
		4563E64E25A9EECC00E50C5F /* Resources */ = {
			isa = PBXResourcesBuildPhase;
			buildActionMask = 2147483647;
			files = (
				4563E65B25A9EECD00E50C5F /* Preview Assets.xcassets in Resources */,
				4563E65825A9EECD00E50C5F /* Assets.xcassets in Resources */,
			);
			runOnlyForDeploymentPostprocessing = 0;
		};
/* End PBXResourcesBuildPhase section */

/* Begin PBXSourcesBuildPhase section */
		4563E64C25A9EECC00E50C5F /* Sources */ = {
			isa = PBXSourcesBuildPhase;
			buildActionMask = 2147483647;
			files = (
				4563E66425A9EF0E00E50C5F /* NetworkManager.swift in Sources */,
				45232F4F25AD9B260025BD09 /* MainView.swift in Sources */,
				45A7808725B158EE0078ECD2 /* AvailabilityIconView.swift in Sources */,
				453366B225B436150025B42A /* TestingView.swift in Sources */,
				453366AD25B435470025B42A /* StationButtonPickerView.swift in Sources */,
				4553202425B476B90080DB48 /* TrainServiceView.swift in Sources */,
				4563E65625A9EECC00E50C5F /* TimetableView.swift in Sources */,
				45D1BC8425AC4AA000D040CD /* StationTimetable.swift in Sources */,
				4563E66825A9EF3800E50C5F /* Station.swift in Sources */,
				451E5C2C25AD548E00BBCE2D /* RailDailyTimetable.swift in Sources */,
				45232F5225AD9C770025BD09 /* PlannerView.swift in Sources */,
				45A2543225B31DA500CB2522 /* ENums.swift in Sources */,
				4569AA3B25B00772002D376B /* FareListingView.swift in Sources */,
				45D1BC8025AC49F300D040CD /* StationTimetableView.swift in Sources */,
				45D00A4625AC8F0E00DB518F /* TrainEntryListRowView.swift in Sources */,
				45232F5825ADBCA80025BD09 /* HSRTrainViewModel.swift in Sources */,
				451E5C2F25AD59E100BBCE2D /* TrainView.swift in Sources */,
				45232F5D25ADC48C0025BD09 /* PlannerResultRowView.swift in Sources */,
				4569AA3825AFFD2A002D376B /* FareSchedule.swift in Sources */,
				45A2542D25B2DCDB00CB2522 /* Utilities.swift in Sources */,
				45232F5525ADBA920025BD09 /* HSRDataStore.swift in Sources */,
				45D9480D25AEA733002FE73C /* SettingsView.swift in Sources */,
				4563E66B25A9F69F00E50C5F /* HSRService.swift in Sources */,
				45A7808425B148500078ECD2 /* SeatAvailability.swift in Sources */,
				45A7808A25B16ABF0078ECD2 /* LocationManager.swift in Sources */,
				45D00A4925AC94F500DB518F /* Date+Time.swift in Sources */,
				45A7808F25B17B8D0078ECD2 /* NearestStationView.swift in Sources */,
				45A7809225B18E700078ECD2 /* RequestLocationView.swift in Sources */,
				45D1BC7C25AC466300D040CD /* HSRQueryViewModel.swift in Sources */,
				4563E65425A9EECC00E50C5F /* LiveRailApp.swift in Sources */,
			);
			runOnlyForDeploymentPostprocessing = 0;
		};
/* End PBXSourcesBuildPhase section */

/* Begin XCBuildConfiguration section */
		4563E65D25A9EECD00E50C5F /* Debug */ = {
			isa = XCBuildConfiguration;
			buildSettings = {
				ALWAYS_SEARCH_USER_PATHS = NO;
				CLANG_ANALYZER_NONNULL = YES;
				CLANG_ANALYZER_NUMBER_OBJECT_CONVERSION = YES_AGGRESSIVE;
				CLANG_CXX_LANGUAGE_STANDARD = "gnu++14";
				CLANG_CXX_LIBRARY = "libc++";
				CLANG_ENABLE_MODULES = YES;
				CLANG_ENABLE_OBJC_ARC = YES;
				CLANG_ENABLE_OBJC_WEAK = YES;
				CLANG_WARN_BLOCK_CAPTURE_AUTORELEASING = YES;
				CLANG_WARN_BOOL_CONVERSION = YES;
				CLANG_WARN_COMMA = YES;
				CLANG_WARN_CONSTANT_CONVERSION = YES;
				CLANG_WARN_DEPRECATED_OBJC_IMPLEMENTATIONS = YES;
				CLANG_WARN_DIRECT_OBJC_ISA_USAGE = YES_ERROR;
				CLANG_WARN_DOCUMENTATION_COMMENTS = YES;
				CLANG_WARN_EMPTY_BODY = YES;
				CLANG_WARN_ENUM_CONVERSION = YES;
				CLANG_WARN_INFINITE_RECURSION = YES;
				CLANG_WARN_INT_CONVERSION = YES;
				CLANG_WARN_NON_LITERAL_NULL_CONVERSION = YES;
				CLANG_WARN_OBJC_IMPLICIT_RETAIN_SELF = YES;
				CLANG_WARN_OBJC_LITERAL_CONVERSION = YES;
				CLANG_WARN_OBJC_ROOT_CLASS = YES_ERROR;
				CLANG_WARN_QUOTED_INCLUDE_IN_FRAMEWORK_HEADER = YES;
				CLANG_WARN_RANGE_LOOP_ANALYSIS = YES;
				CLANG_WARN_STRICT_PROTOTYPES = YES;
				CLANG_WARN_SUSPICIOUS_MOVE = YES;
				CLANG_WARN_UNGUARDED_AVAILABILITY = YES_AGGRESSIVE;
				CLANG_WARN_UNREACHABLE_CODE = YES;
				CLANG_WARN__DUPLICATE_METHOD_MATCH = YES;
				COPY_PHASE_STRIP = NO;
				DEBUG_INFORMATION_FORMAT = dwarf;
				ENABLE_STRICT_OBJC_MSGSEND = YES;
				ENABLE_TESTABILITY = YES;
				GCC_C_LANGUAGE_STANDARD = gnu11;
				GCC_DYNAMIC_NO_PIC = NO;
				GCC_NO_COMMON_BLOCKS = YES;
				GCC_OPTIMIZATION_LEVEL = 0;
				GCC_PREPROCESSOR_DEFINITIONS = (
					"DEBUG=1",
					"$(inherited)",
				);
				GCC_WARN_64_TO_32_BIT_CONVERSION = YES;
				GCC_WARN_ABOUT_RETURN_TYPE = YES_ERROR;
				GCC_WARN_UNDECLARED_SELECTOR = YES;
				GCC_WARN_UNINITIALIZED_AUTOS = YES_AGGRESSIVE;
				GCC_WARN_UNUSED_FUNCTION = YES;
				GCC_WARN_UNUSED_VARIABLE = YES;
				IPHONEOS_DEPLOYMENT_TARGET = 14.3;
				MTL_ENABLE_DEBUG_INFO = INCLUDE_SOURCE;
				MTL_FAST_MATH = YES;
				ONLY_ACTIVE_ARCH = YES;
				SDKROOT = iphoneos;
				SWIFT_ACTIVE_COMPILATION_CONDITIONS = DEBUG;
				SWIFT_OPTIMIZATION_LEVEL = "-Onone";
			};
			name = Debug;
		};
		4563E65E25A9EECD00E50C5F /* Release */ = {
			isa = XCBuildConfiguration;
			buildSettings = {
				ALWAYS_SEARCH_USER_PATHS = NO;
				CLANG_ANALYZER_NONNULL = YES;
				CLANG_ANALYZER_NUMBER_OBJECT_CONVERSION = YES_AGGRESSIVE;
				CLANG_CXX_LANGUAGE_STANDARD = "gnu++14";
				CLANG_CXX_LIBRARY = "libc++";
				CLANG_ENABLE_MODULES = YES;
				CLANG_ENABLE_OBJC_ARC = YES;
				CLANG_ENABLE_OBJC_WEAK = YES;
				CLANG_WARN_BLOCK_CAPTURE_AUTORELEASING = YES;
				CLANG_WARN_BOOL_CONVERSION = YES;
				CLANG_WARN_COMMA = YES;
				CLANG_WARN_CONSTANT_CONVERSION = YES;
				CLANG_WARN_DEPRECATED_OBJC_IMPLEMENTATIONS = YES;
				CLANG_WARN_DIRECT_OBJC_ISA_USAGE = YES_ERROR;
				CLANG_WARN_DOCUMENTATION_COMMENTS = YES;
				CLANG_WARN_EMPTY_BODY = YES;
				CLANG_WARN_ENUM_CONVERSION = YES;
				CLANG_WARN_INFINITE_RECURSION = YES;
				CLANG_WARN_INT_CONVERSION = YES;
				CLANG_WARN_NON_LITERAL_NULL_CONVERSION = YES;
				CLANG_WARN_OBJC_IMPLICIT_RETAIN_SELF = YES;
				CLANG_WARN_OBJC_LITERAL_CONVERSION = YES;
				CLANG_WARN_OBJC_ROOT_CLASS = YES_ERROR;
				CLANG_WARN_QUOTED_INCLUDE_IN_FRAMEWORK_HEADER = YES;
				CLANG_WARN_RANGE_LOOP_ANALYSIS = YES;
				CLANG_WARN_STRICT_PROTOTYPES = YES;
				CLANG_WARN_SUSPICIOUS_MOVE = YES;
				CLANG_WARN_UNGUARDED_AVAILABILITY = YES_AGGRESSIVE;
				CLANG_WARN_UNREACHABLE_CODE = YES;
				CLANG_WARN__DUPLICATE_METHOD_MATCH = YES;
				COPY_PHASE_STRIP = NO;
				DEBUG_INFORMATION_FORMAT = "dwarf-with-dsym";
				ENABLE_NS_ASSERTIONS = NO;
				ENABLE_STRICT_OBJC_MSGSEND = YES;
				GCC_C_LANGUAGE_STANDARD = gnu11;
				GCC_NO_COMMON_BLOCKS = YES;
				GCC_WARN_64_TO_32_BIT_CONVERSION = YES;
				GCC_WARN_ABOUT_RETURN_TYPE = YES_ERROR;
				GCC_WARN_UNDECLARED_SELECTOR = YES;
				GCC_WARN_UNINITIALIZED_AUTOS = YES_AGGRESSIVE;
				GCC_WARN_UNUSED_FUNCTION = YES;
				GCC_WARN_UNUSED_VARIABLE = YES;
				IPHONEOS_DEPLOYMENT_TARGET = 14.3;
				MTL_ENABLE_DEBUG_INFO = NO;
				MTL_FAST_MATH = YES;
				SDKROOT = iphoneos;
				SWIFT_COMPILATION_MODE = wholemodule;
				SWIFT_OPTIMIZATION_LEVEL = "-O";
				VALIDATE_PRODUCT = YES;
			};
			name = Release;
		};
		4563E66025A9EECD00E50C5F /* Debug */ = {
			isa = XCBuildConfiguration;
			buildSettings = {
				ASSETCATALOG_COMPILER_APPICON_NAME = AppIcon;
				ASSETCATALOG_COMPILER_GLOBAL_ACCENT_COLOR_NAME = AccentColor;
				CODE_SIGN_STYLE = Automatic;
				DEVELOPMENT_ASSET_PATHS = "\"LiveRail/Preview Content\"";
				DEVELOPMENT_TEAM = 58QL7E6Z98;
				ENABLE_PREVIEWS = YES;
				INFOPLIST_FILE = LiveRail/Info.plist;
				IPHONEOS_DEPLOYMENT_TARGET = 14.0;
				LD_RUNPATH_SEARCH_PATHS = (
					"$(inherited)",
					"@executable_path/Frameworks",
				);
				PRODUCT_BUNDLE_IDENTIFIER = itemic.LiveRail;
				PRODUCT_NAME = "$(TARGET_NAME)";
				SWIFT_VERSION = 5.0;
				TARGETED_DEVICE_FAMILY = 1;
			};
			name = Debug;
		};
		4563E66125A9EECD00E50C5F /* Release */ = {
			isa = XCBuildConfiguration;
			buildSettings = {
				ASSETCATALOG_COMPILER_APPICON_NAME = AppIcon;
				ASSETCATALOG_COMPILER_GLOBAL_ACCENT_COLOR_NAME = AccentColor;
				CODE_SIGN_STYLE = Automatic;
				DEVELOPMENT_ASSET_PATHS = "\"LiveRail/Preview Content\"";
				DEVELOPMENT_TEAM = 58QL7E6Z98;
				ENABLE_PREVIEWS = YES;
				INFOPLIST_FILE = LiveRail/Info.plist;
				IPHONEOS_DEPLOYMENT_TARGET = 14.0;
				LD_RUNPATH_SEARCH_PATHS = (
					"$(inherited)",
					"@executable_path/Frameworks",
				);
				PRODUCT_BUNDLE_IDENTIFIER = itemic.LiveRail;
				PRODUCT_NAME = "$(TARGET_NAME)";
				SWIFT_VERSION = 5.0;
				TARGETED_DEVICE_FAMILY = 1;
			};
			name = Release;
		};
/* End XCBuildConfiguration section */

/* Begin XCConfigurationList section */
		4563E64B25A9EECC00E50C5F /* Build configuration list for PBXProject "LiveRail" */ = {
			isa = XCConfigurationList;
			buildConfigurations = (
				4563E65D25A9EECD00E50C5F /* Debug */,
				4563E65E25A9EECD00E50C5F /* Release */,
			);
			defaultConfigurationIsVisible = 0;
			defaultConfigurationName = Release;
		};
		4563E65F25A9EECD00E50C5F /* Build configuration list for PBXNativeTarget "LiveRail" */ = {
			isa = XCConfigurationList;
			buildConfigurations = (
				4563E66025A9EECD00E50C5F /* Debug */,
				4563E66125A9EECD00E50C5F /* Release */,
			);
			defaultConfigurationIsVisible = 0;
			defaultConfigurationName = Release;
		};
/* End XCConfigurationList section */
	};
	rootObject = 4563E64825A9EECC00E50C5F /* Project object */;
}
